<?xml version="1.0" encoding="utf-8"?>
<Project ToolsVersion="4.0" xmlns="http://schemas.microsoft.com/developer/msbuild/2003">
  <ItemGroup>
    <Filter Include="Source Files">
      <UniqueIdentifier>{4FC737F1-C7A5-4376-A066-2A32D752A2FF}</UniqueIdentifier>
      <Extensions>cpp;c;cc;cxx;def;odl;idl;hpj;bat;asm;asmx</Extensions>
    </Filter>
    <Filter Include="Header Files">
      <UniqueIdentifier>{93995380-89BD-4b04-88EB-625FBE52EBFB}</UniqueIdentifier>
      <Extensions>h;hh;hpp;hxx;hm;inl;inc;xsd</Extensions>
    </Filter>
    <Filter Include="Resource Files">
      <UniqueIdentifier>{67DA6AB6-F800-4c08-8B7A-83BB121AAD01}</UniqueIdentifier>
      <Extensions>rc;ico;cur;bmp;dlg;rc2;rct;bin;rgs;gif;jpg;jpeg;jpe;resx;tiff;tif;png;wav;mfcribbon-ms</Extensions>
    </Filter>
    <Filter Include="Header Files\Shapes">
      <UniqueIdentifier>{741cf2ca-1a19-4831-93b6-907e135f1c62}</UniqueIdentifier>
    </Filter>
    <Filter Include="Source Files\Shapes">
      <UniqueIdentifier>{0780834b-18dc-4427-a5ed-e94b2c597ae9}</UniqueIdentifier>
    </Filter>
    <Filter Include="Source Files\Frameworks">
      <UniqueIdentifier>{e0c63efa-ae01-494d-a067-086fc1d2f3b2}</UniqueIdentifier>
    </Filter>
    <Filter Include="Header Files\Main">
      <UniqueIdentifier>{6520f1c3-1d08-43e7-811e-7cccc669d795}</UniqueIdentifier>
    </Filter>
    <Filter Include="Source Files\Main">
      <UniqueIdentifier>{eb88ce4d-ce7c-4834-a634-b2609126b8c5}</UniqueIdentifier>
    </Filter>
    <Filter Include="Header Files\Model Loader">
      <UniqueIdentifier>{85680c73-5f6d-4c9a-8697-f13e81411c8a}</UniqueIdentifier>
    </Filter>
    <Filter Include="Source Files\Model Loader">
      <UniqueIdentifier>{68a8a210-1505-4a8f-a052-d697700b462c}</UniqueIdentifier>
    </Filter>
    <Filter Include="Header Files\Global Visuals">
      <UniqueIdentifier>{b5a6f088-4ab0-4dec-806f-513e0bdd8d60}</UniqueIdentifier>
    </Filter>
    <Filter Include="Source Files\Global Visuals">
      <UniqueIdentifier>{172a4d85-0141-4cc3-8b3d-01bda2affe72}</UniqueIdentifier>
    </Filter>
    <Filter Include="Header Files\Frameworks">
      <UniqueIdentifier>{23d26767-9b38-4bdf-809c-5cca3f8ab09e}</UniqueIdentifier>
    </Filter>
  </ItemGroup>
  <ItemGroup>
    <ClCompile Include="BasicShape.cpp">
      <Filter>Source Files\Shapes</Filter>
    </ClCompile>
    <ClCompile Include="Cylinder.cpp">
      <Filter>Source Files\Shapes</Filter>
    </ClCompile>
    <ClCompile Include="Disc.cpp">
      <Filter>Source Files\Shapes</Filter>
    </ClCompile>
    <ClCompile Include="Sphere.cpp">
      <Filter>Source Files\Shapes</Filter>
    </ClCompile>
    <ClCompile Include="Input.cpp">
      <Filter>Source Files\Frameworks</Filter>
    </ClCompile>
    <ClCompile Include="Vector3.cpp">
      <Filter>Source Files\Frameworks</Filter>
    </ClCompile>
    <ClCompile Include="Camera.cpp">
      <Filter>Source Files\Global Visuals</Filter>
    </ClCompile>
    <ClCompile Include="Skybox.cpp">
      <Filter>Source Files\Global Visuals</Filter>
    </ClCompile>
    <ClCompile Include="Main.cpp">
      <Filter>Source Files\Main</Filter>
    </ClCompile>
    <ClCompile Include="Scene.cpp">
      <Filter>Source Files\Main</Filter>
    </ClCompile>
    <ClCompile Include="Model.cpp">
      <Filter>Source Files\Model Loader</Filter>
    </ClCompile>
    <ClCompile Include="Light.cpp">
      <Filter>Source Files\Global Visuals</Filter>
    </ClCompile>
  </ItemGroup>
  <ItemGroup>
    <ClInclude Include="BasicShape.h">
      <Filter>Header Files\Shapes</Filter>
    </ClInclude>
    <ClInclude Include="Cylinder.h">
      <Filter>Header Files\Shapes</Filter>
    </ClInclude>
    <ClInclude Include="Disc.h">
      <Filter>Header Files\Shapes</Filter>
    </ClInclude>
    <ClInclude Include="Sphere.h">
      <Filter>Header Files\Shapes</Filter>
    </ClInclude>
    <ClInclude Include="Input.h">
      <Filter>Header Files\Frameworks</Filter>
    </ClInclude>
    <ClInclude Include="Vector3.h">
      <Filter>Header Files\Frameworks</Filter>
    </ClInclude>
    <ClInclude Include="Camera.h">
      <Filter>Header Files\Global Visuals</Filter>
    </ClInclude>
    <ClInclude Include="Skybox.h">
      <Filter>Header Files\Global Visuals</Filter>
    </ClInclude>
    <ClInclude Include="Scene.h">
      <Filter>Header Files\Main</Filter>
    </ClInclude>
    <ClInclude Include="Model.h">
      <Filter>Header Files\Model Loader</Filter>
    </ClInclude>
    <ClInclude Include="Light.h">
      <Filter>Header Files\Global Visuals</Filter>
    </ClInclude>
  </ItemGroup>
</Project>